
Microsoft Visual Studio Solution File, Format Version 12.00
# Visual Studio Version 16
VisualStudioVersion = 16.0.31613.86
MinimumVisualStudioVersion = 10.0.40219.1
Project("{FAE04EC0-301F-11D3-BF4B-00C04F79EFBC}") = "Nopyfy-Decrypter", "Nopyfy-Decrypter\Nopyfy-Decrypter.csproj", "{0CDA82FD-648F-4A95-886C-BE61702BAA7D}"
EndProject
Global
	GlobalSection(SolutionConfigurationPlatforms) = preSolution
		Debug|Any CPU = Debug|Any CPU
		Release|Any CPU = Release|Any CPU
	EndGlobalSection
	GlobalSection(ProjectConfigurationPlatforms) = postSolution
		{0CDA82FD-648F-4A95-886C-BE61702BAA7D}.Debug|Any CPU.ActiveCfg = Debug|Any CPU
		{0CDA82FD-648F-4A95-886C-BE61702BAA7D}.Debug|Any CPU.Build.0 = Debug|Any CPU
		{0CDA82FD-648F-4A95-886C-BE61702BAA7D}.Release|Any CPU.ActiveCfg = Release|Any CPU
		{0CDA82FD-648F-4A95-886C-BE61702BAA7D}.Release|Any CPU.Build.0 = Release|Any CPU
	EndGlobalSection
	GlobalSection(SolutionProperties) = preSolution
		HideSolutionNode = FALSE
	EndGlobalSection
	GlobalSection(ExtensibilityGlobals) = postSolution
		SolutionGuid = {30B762B5-754E-4616-A4D8-D931151783E0}
	EndGlobalSection
EndGlobal
